
Microsoft Visual Studio Solution File, Format Version 12.00
# Visual Studio Version 16
VisualStudioVersion = 16.0.32901.82
MinimumVisualStudioVersion = 10.0.40219.1
Project("{FAE04EC0-301F-11D3-BF4B-00C04F79EFBC}") = "Flight_App_BE", "Flight_App_BE\Flight_App_BE.csproj", "{290F129A-ADCA-470E-80C0-5DF444EC6125}"
EndProject
Global
	GlobalSection(SolutionConfigurationPlatforms) = preSolution
		Debug|Any CPU = Debug|Any CPU
		Release|Any CPU = Release|Any CPU
	EndGlobalSection
	GlobalSection(ProjectConfigurationPlatforms) = postSolution
		{290F129A-ADCA-470E-80C0-5DF444EC6125}.Debug|Any CPU.ActiveCfg = Debug|Any CPU
		{290F129A-ADCA-470E-80C0-5DF444EC6125}.Debug|Any CPU.Build.0 = Debug|Any CPU
		{290F129A-ADCA-470E-80C0-5DF444EC6125}.Release|Any CPU.ActiveCfg = Release|Any CPU
		{290F129A-ADCA-470E-80C0-5DF444EC6125}.Release|Any CPU.Build.0 = Release|Any CPU
	EndGlobalSection
	GlobalSection(SolutionProperties) = preSolution
		HideSolutionNode = FALSE
	EndGlobalSection
	GlobalSection(ExtensibilityGlobals) = postSolution
		SolutionGuid = {BB530884-DE7E-420A-A3EB-5143803D3BB1}
	EndGlobalSection
EndGlobal
